// !$*UTF8*$!
{
	archiveVersion = 1;
	classes = {
	};
	objectVersion = 48;
	objects = {

/* Begin PBXBuildFile section */
		ACE593A321DCA10B00E323A7 /* GetDataViewController.swift in Sources */ = {isa = PBXBuildFile; fileRef = ACE593A221DCA10B00E323A7 /* GetDataViewController.swift */; };
		E00C55421F5326560025A2E8 /* AppDelegate.swift in Sources */ = {isa = PBXBuildFile; fileRef = E00C55411F5326560025A2E8 /* AppDelegate.swift */; };
		E00C55441F5326560025A2E8 /* ViewController.swift in Sources */ = {isa = PBXBuildFile; fileRef = E00C55431F5326560025A2E8 /* ViewController.swift */; };
		E00C55471F5326560025A2E8 /* Main.storyboard in Resources */ = {isa = PBXBuildFile; fileRef = E00C55451F5326560025A2E8 /* Main.storyboard */; };
		E00C55491F5326560025A2E8 /* Assets.xcassets in Resources */ = {isa = PBXBuildFile; fileRef = E00C55481F5326560025A2E8 /* Assets.xcassets */; };
		E00C554C1F5326560025A2E8 /* LaunchScreen.storyboard in Resources */ = {isa = PBXBuildFile; fileRef = E00C554A1F5326560025A2E8 /* LaunchScreen.storyboard */; };
		E00C55541F5326DF0025A2E8 /* NasaArray.swift in Sources */ = {isa = PBXBuildFile; fileRef = E00C55531F5326DF0025A2E8 /* NasaArray.swift */; };
		E00C55561F5327490025A2E8 /* NasaDailyTableViewController.swift in Sources */ = {isa = PBXBuildFile; fileRef = E00C55551F5327490025A2E8 /* NasaDailyTableViewController.swift */; };
		E00C55581F53278A0025A2E8 /* NasaController.swift in Sources */ = {isa = PBXBuildFile; fileRef = E00C55571F53278A0025A2E8 /* NasaController.swift */; };
		E00C555C1F532A180025A2E8 /* NasaDetailViewController.swift in Sources */ = {isa = PBXBuildFile; fileRef = E00C555B1F532A180025A2E8 /* NasaDetailViewController.swift */; };
/* End PBXBuildFile section */

/* Begin PBXFileReference section */
		ACE593A221DCA10B00E323A7 /* GetDataViewController.swift */ = {isa = PBXFileReference; lastKnownFileType = sourcecode.swift; path = GetDataViewController.swift; sourceTree = "<group>"; };
		E00C553E1F5326560025A2E8 /* NasaDailyPhoto.app */ = {isa = PBXFileReference; explicitFileType = wrapper.application; includeInIndex = 0; path = NasaDailyPhoto.app; sourceTree = BUILT_PRODUCTS_DIR; };
		E00C55411F5326560025A2E8 /* AppDelegate.swift */ = {isa = PBXFileReference; lastKnownFileType = sourcecode.swift; path = AppDelegate.swift; sourceTree = "<group>"; };
		E00C55431F5326560025A2E8 /* ViewController.swift */ = {isa = PBXFileReference; lastKnownFileType = sourcecode.swift; path = ViewController.swift; sourceTree = "<group>"; };
		E00C55461F5326560025A2E8 /* Base */ = {isa = PBXFileReference; lastKnownFileType = file.storyboard; name = Base; path = Base.lproj/Main.storyboard; sourceTree = "<group>"; };
		E00C55481F5326560025A2E8 /* Assets.xcassets */ = {isa = PBXFileReference; lastKnownFileType = folder.assetcatalog; path = Assets.xcassets; sourceTree = "<group>"; };
		E00C554B1F5326560025A2E8 /* Base */ = {isa = PBXFileReference; lastKnownFileType = file.storyboard; name = Base; path = Base.lproj/LaunchScreen.storyboard; sourceTree = "<group>"; };
		E00C554D1F5326560025A2E8 /* Info.plist */ = {isa = PBXFileReference; lastKnownFileType = text.plist.xml; path = Info.plist; sourceTree = "<group>"; };
		E00C55531F5326DF0025A2E8 /* NasaArray.swift */ = {isa = PBXFileReference; lastKnownFileType = sourcecode.swift; path = NasaArray.swift; sourceTree = "<group>"; };
		E00C55551F5327490025A2E8 /* NasaDailyTableViewController.swift */ = {isa = PBXFileReference; lastKnownFileType = sourcecode.swift; path = NasaDailyTableViewController.swift; sourceTree = "<group>"; };
		E00C55571F53278A0025A2E8 /* NasaController.swift */ = {isa = PBXFileReference; lastKnownFileType = sourcecode.swift; path = NasaController.swift; sourceTree = "<group>"; };
		E00C555B1F532A180025A2E8 /* NasaDetailViewController.swift */ = {isa = PBXFileReference; lastKnownFileType = sourcecode.swift; path = NasaDetailViewController.swift; sourceTree = "<group>"; };
/* End PBXFileReference section */

/* Begin PBXFrameworksBuildPhase section */
		E00C553B1F5326560025A2E8 /* Frameworks */ = {
			isa = PBXFrameworksBuildPhase;
			buildActionMask = 2147483647;
			files = (
			);
			runOnlyForDeploymentPostprocessing = 0;
		};
/* End PBXFrameworksBuildPhase section */

/* Begin PBXGroup section */
		E00C55351F5326560025A2E8 = {
			isa = PBXGroup;
			children = (
				E00C55401F5326560025A2E8 /* NasaDailyPhoto */,
				E00C553F1F5326560025A2E8 /* Products */,
			);
			sourceTree = "<group>";
		};
		E00C553F1F5326560025A2E8 /* Products */ = {
			isa = PBXGroup;
			children = (
				E00C553E1F5326560025A2E8 /* NasaDailyPhoto.app */,
			);
			name = Products;
			sourceTree = "<group>";
		};
		E00C55401F5326560025A2E8 /* NasaDailyPhoto */ = {
			isa = PBXGroup;
			children = (
				E00C55411F5326560025A2E8 /* AppDelegate.swift */,
				E00C55431F5326560025A2E8 /* ViewController.swift */,
				E00C555B1F532A180025A2E8 /* NasaDetailViewController.swift */,
				E00C55451F5326560025A2E8 /* Main.storyboard */,
				ACE593A221DCA10B00E323A7 /* GetDataViewController.swift */,
				E00C55531F5326DF0025A2E8 /* NasaArray.swift */,
				E00C55551F5327490025A2E8 /* NasaDailyTableViewController.swift */,
				E00C55571F53278A0025A2E8 /* NasaController.swift */,
				E00C55481F5326560025A2E8 /* Assets.xcassets */,
				E00C554A1F5326560025A2E8 /* LaunchScreen.storyboard */,
				E00C554D1F5326560025A2E8 /* Info.plist */,
			);
			path = NasaDailyPhoto;
			sourceTree = "<group>";
		};
/* End PBXGroup section */

/* Begin PBXNativeTarget section */
		E00C553D1F5326560025A2E8 /* NasaDailyPhoto */ = {
			isa = PBXNativeTarget;
			buildConfigurationList = E00C55501F5326560025A2E8 /* Build configuration list for PBXNativeTarget "NasaDailyPhoto" */;
			buildPhases = (
				E00C553A1F5326560025A2E8 /* Sources */,
				E00C553B1F5326560025A2E8 /* Frameworks */,
				E00C553C1F5326560025A2E8 /* Resources */,
			);
			buildRules = (
			);
			dependencies = (
			);
			name = NasaDailyPhoto;
			productName = NasaDailyPhoto;
			productReference = E00C553E1F5326560025A2E8 /* NasaDailyPhoto.app */;
			productType = "com.apple.product-type.application";
		};
/* End PBXNativeTarget section */

/* Begin PBXProject section */
		E00C55361F5326560025A2E8 /* Project object */ = {
			isa = PBXProject;
			attributes = {
				LastSwiftUpdateCheck = 0900;
				LastUpgradeCheck = 0900;
				ORGANIZATIONNAME = "Natalie KU";
				TargetAttributes = {
					E00C553D1F5326560025A2E8 = {
						CreatedOnToolsVersion = 9.0;
						ProvisioningStyle = Automatic;
					};
				};
			};
			buildConfigurationList = E00C55391F5326560025A2E8 /* Build configuration list for PBXProject "NasaDailyPhoto" */;
			compatibilityVersion = "Xcode 8.0";
			developmentRegion = en;
			hasScannedForEncodings = 0;
			knownRegions = (
				en,
				Base,
			);
			mainGroup = E00C55351F5326560025A2E8;
			productRefGroup = E00C553F1F5326560025A2E8 /* Products */;
			projectDirPath = "";
			projectRoot = "";
			targets = (
				E00C553D1F5326560025A2E8 /* NasaDailyPhoto */,
			);
		};
/* End PBXProject section */

/* Begin PBXResourcesBuildPhase section */
		E00C553C1F5326560025A2E8 /* Resources */ = {
			isa = PBXResourcesBuildPhase;
			buildActionMask = 2147483647;
			files = (
				E00C554C1F5326560025A2E8 /* LaunchScreen.storyboard in Resources */,
				E00C55491F5326560025A2E8 /* Assets.xcassets in Resources */,
				E00C55471F5326560025A2E8 /* Main.storyboard in Resources */,
			);
			runOnlyForDeploymentPostprocessing = 0;
		};
/* End PBXResourcesBuildPhase section */

/* Begin PBXSourcesBuildPhase section */
		E00C553A1F5326560025A2E8 /* Sources */ = {
			isa = PBXSourcesBuildPhase;
			buildActionMask = 2147483647;
			files = (
				E00C555C1F532A180025A2E8 /* NasaDetailViewController.swift in Sources */,
				E00C55581F53278A0025A2E8 /* NasaController.swift in Sources */,
				E00C55541F5326DF0025A2E8 /* NasaArray.swift in Sources */,
				E00C55441F5326560025A2E8 /* ViewController.swift in Sources */,
				E00C55561F5327490025A2E8 /* NasaDailyTableViewController.swift in Sources */,
				E00C55421F5326560025A2E8 /* AppDelegate.swift in Sources */,
				ACE593A321DCA10B00E323A7 /* GetDataViewController.swift in Sources */,
			);
			runOnlyForDeploymentPostprocessing = 0;
		};
/* End PBXSourcesBuildPhase section */

/* Begin PBXVariantGroup section */
		E00C55451F5326560025A2E8 /* Main.storyboard */ = {
			isa = PBXVariantGroup;
			children = (
				E00C55461F5326560025A2E8 /* Base */,
			);
			name = Main.storyboard;
			sourceTree = "<group>";
		};
		E00C554A1F5326560025A2E8 /* LaunchScreen.storyboard */ = {
			isa = PBXVariantGroup;
			children = (
				E00C554B1F5326560025A2E8 /* Base */,
			);
			name = LaunchScreen.storyboard;
			sourceTree = "<group>";
		};
/* End PBXVariantGroup section */

/* Begin XCBuildConfiguration section */
		E00C554E1F5326560025A2E8 /* Debug */ = {
			isa = XCBuildConfiguration;
			buildSettings = {
				ALWAYS_SEARCH_USER_PATHS = NO;
				CLANG_ANALYZER_NONNULL = YES;
				CLANG_ANALYZER_NUMBER_OBJECT_CONVERSION = YES_AGGRESSIVE;
				CLANG_CXX_LANGUAGE_STANDARD = "gnu++14";
				CLANG_CXX_LIBRARY = "libc++";
				CLANG_ENABLE_MODULES = YES;
				CLANG_ENABLE_OBJC_ARC = YES;
				CLANG_WARN_BLOCK_CAPTURE_AUTORELEASING = YES;
				CLANG_WARN_BOOL_CONVERSION = YES;
				CLANG_WARN_COMMA = YES;
				CLANG_WARN_CONSTANT_CONVERSION = YES;
				CLANG_WARN_DIRECT_OBJC_ISA_USAGE = YES_ERROR;
				CLANG_WARN_DOCUMENTATION_COMMENTS = YES;
				CLANG_WARN_EMPTY_BODY = YES;
				CLANG_WARN_ENUM_CONVERSION = YES;
				CLANG_WARN_INFINITE_RECURSION = YES;
				CLANG_WARN_INT_CONVERSION = YES;
				CLANG_WARN_NON_LITERAL_NULL_CONVERSION = YES;
				CLANG_WARN_OBJC_LITERAL_CONVERSION = YES;
				CLANG_WARN_OBJC_ROOT_CLASS = YES_ERROR;
				CLANG_WARN_RANGE_LOOP_ANALYSIS = YES;
				CLANG_WARN_STRICT_PROTOTYPES = YES;
				CLANG_WARN_SUSPICIOUS_MOVE = YES;
				CLANG_WARN_UNGUARDED_AVAILABILITY = YES_AGGRESSIVE;
				CLANG_WARN_UNREACHABLE_CODE = YES;
				CLANG_WARN__DUPLICATE_METHOD_MATCH = YES;
				CODE_SIGN_IDENTITY = "iPhone Developer";
				COPY_PHASE_STRIP = NO;
				DEBUG_INFORMATION_FORMAT = dwarf;
				ENABLE_STRICT_OBJC_MSGSEND = YES;
				ENABLE_TESTABILITY = YES;
				GCC_C_LANGUAGE_STANDARD = gnu11;
				GCC_DYNAMIC_NO_PIC = NO;
				GCC_NO_COMMON_BLOCKS = YES;
				GCC_OPTIMIZATION_LEVEL = 0;
				GCC_PREPROCESSOR_DEFINITIONS = (
					"DEBUG=1",
					"$(inherited)",
				);
				GCC_WARN_64_TO_32_BIT_CONVERSION = YES;
				GCC_WARN_ABOUT_RETURN_TYPE = YES_ERROR;
				GCC_WARN_UNDECLARED_SELECTOR = YES;
				GCC_WARN_UNINITIALIZED_AUTOS = YES_AGGRESSIVE;
				GCC_WARN_UNUSED_FUNCTION = YES;
				GCC_WARN_UNUSED_VARIABLE = YES;
				IPHONEOS_DEPLOYMENT_TARGET = 11.0;
				MTL_ENABLE_DEBUG_INFO = YES;
				ONLY_ACTIVE_ARCH = YES;
				SDKROOT = iphoneos;
				SWIFT_ACTIVE_COMPILATION_CONDITIONS = DEBUG;
				SWIFT_OPTIMIZATION_LEVEL = "-Onone";
			};
			name = Debug;
		};
		E00C554F1F5326560025A2E8 /* Release */ = {
			isa = XCBuildConfiguration;
			buildSettings = {
				ALWAYS_SEARCH_USER_PATHS = NO;
				CLANG_ANALYZER_NONNULL = YES;
				CLANG_ANALYZER_NUMBER_OBJECT_CONVERSION = YES_AGGRESSIVE;
				CLANG_CXX_LANGUAGE_STANDARD = "gnu++14";
				CLANG_CXX_LIBRARY = "libc++";
				CLANG_ENABLE_MODULES = YES;
				CLANG_ENABLE_OBJC_ARC = YES;
				CLANG_WARN_BLOCK_CAPTURE_AUTORELEASING = YES;
				CLANG_WARN_BOOL_CONVERSION = YES;
				CLANG_WARN_COMMA = YES;
				CLANG_WARN_CONSTANT_CONVERSION = YES;
				CLANG_WARN_DIRECT_OBJC_ISA_USAGE = YES_ERROR;
				CLANG_WARN_DOCUMENTATION_COMMENTS = YES;
				CLANG_WARN_EMPTY_BODY = YES;
				CLANG_WARN_ENUM_CONVERSION = YES;
				CLANG_WARN_INFINITE_RECURSION = YES;
				CLANG_WARN_INT_CONVERSION = YES;
				CLANG_WARN_NON_LITERAL_NULL_CONVERSION = YES;
				CLANG_WARN_OBJC_LITERAL_CONVERSION = YES;
				CLANG_WARN_OBJC_ROOT_CLASS = YES_ERROR;
				CLANG_WARN_RANGE_LOOP_ANALYSIS = YES;
				CLANG_WARN_STRICT_PROTOTYPES = YES;
				CLANG_WARN_SUSPICIOUS_MOVE = YES;
				CLANG_WARN_UNGUARDED_AVAILABILITY = YES_AGGRESSIVE;
				CLANG_WARN_UNREACHABLE_CODE = YES;
				CLANG_WARN__DUPLICATE_METHOD_MATCH = YES;
				CODE_SIGN_IDENTITY = "iPhone Developer";
				COPY_PHASE_STRIP = NO;
				DEBUG_INFORMATION_FORMAT = "dwarf-with-dsym";
				ENABLE_NS_ASSERTIONS = NO;
				ENABLE_STRICT_OBJC_MSGSEND = YES;
				GCC_C_LANGUAGE_STANDARD = gnu11;
				GCC_NO_COMMON_BLOCKS = YES;
				GCC_WARN_64_TO_32_BIT_CONVERSION = YES;
				GCC_WARN_ABOUT_RETURN_TYPE = YES_ERROR;
				GCC_WARN_UNDECLARED_SELECTOR = YES;
				GCC_WARN_UNINITIALIZED_AUTOS = YES_AGGRESSIVE;
				GCC_WARN_UNUSED_FUNCTION = YES;
				GCC_WARN_UNUSED_VARIABLE = YES;
				IPHONEOS_DEPLOYMENT_TARGET = 11.0;
				MTL_ENABLE_DEBUG_INFO = NO;
				SDKROOT = iphoneos;
				SWIFT_OPTIMIZATION_LEVEL = "-Owholemodule";
				VALIDATE_PRODUCT = YES;
			};
			name = Release;
		};
		E00C55511F5326560025A2E8 /* Debug */ = {
			isa = XCBuildConfiguration;
			buildSettings = {
				ASSETCATALOG_COMPILER_APPICON_NAME = AppIcon;
				CODE_SIGN_STYLE = Automatic;
				DEVELOPMENT_TEAM = GG767D55Q8;
				INFOPLIST_FILE = NasaDailyPhoto/Info.plist;
				LD_RUNPATH_SEARCH_PATHS = "$(inherited) @executable_path/Frameworks";
				PRODUCT_BUNDLE_IDENTIFIER = "-1.NasaDailyPhoto";
				PRODUCT_NAME = "$(TARGET_NAME)";
				SWIFT_VERSION = 4.0;
				TARGETED_DEVICE_FAMILY = "1,2";
			};
			name = Debug;
		};
		E00C55521F5326560025A2E8 /* Release */ = {
			isa = XCBuildConfiguration;
			buildSettings = {
				ASSETCATALOG_COMPILER_APPICON_NAME = AppIcon;
				CODE_SIGN_STYLE = Automatic;
				DEVELOPMENT_TEAM = GG767D55Q8;
				INFOPLIST_FILE = NasaDailyPhoto/Info.plist;
				LD_RUNPATH_SEARCH_PATHS = "$(inherited) @executable_path/Frameworks";
				PRODUCT_BUNDLE_IDENTIFIER = "-1.NasaDailyPhoto";
				PRODUCT_NAME = "$(TARGET_NAME)";
				SWIFT_VERSION = 4.0;
				TARGETED_DEVICE_FAMILY = "1,2";
			};
			name = Release;
		};
/* End XCBuildConfiguration section */

/* Begin XCConfigurationList section */
		E00C55391F5326560025A2E8 /* Build configuration list for PBXProject "NasaDailyPhoto" */ = {
			isa = XCConfigurationList;
			buildConfigurations = (
				E00C554E1F5326560025A2E8 /* Debug */,
				E00C554F1F5326560025A2E8 /* Release */,
			);
			defaultConfigurationIsVisible = 0;
			defaultConfigurationName = Release;
		};
		E00C55501F5326560025A2E8 /* Build configuration list for PBXNativeTarget "NasaDailyPhoto" */ = {
			isa = XCConfigurationList;
			buildConfigurations = (
				E00C55511F5326560025A2E8 /* Debug */,
				E00C55521F5326560025A2E8 /* Release */,
			);
			defaultConfigurationIsVisible = 0;
			defaultConfigurationName = Release;
		};
/* End XCConfigurationList section */
	};
	rootObject = E00C55361F5326560025A2E8 /* Project object */;
}
